
Microsoft Visual Studio Solution File, Format Version 12.00
# Visual Studio Version 17
VisualStudioVersion = 17.5.002.0
MinimumVisualStudioVersion = 10.0.40219.1
Project("{9A19103F-16F7-4668-BE54-9A1E7A4F7556}") = "Backend", "Backend\Backend.csproj", "{F699681F-8081-4AAE-A967-BFBEB806DBBB}"
EndProject
Project("{FAE04EC0-301F-11D3-BF4B-00C04F79EFBC}") = "Backend.Tests", "Backend.Tests\Backend.Tests.csproj", "{3F74D82B-AD86-49FE-92E3-01C778CA437E}"
EndProject
Global
	GlobalSection(SolutionConfigurationPlatforms) = preSolution
		Debug|Any CPU = Debug|Any CPU
		Release|Any CPU = Release|Any CPU
	EndGlobalSection
	GlobalSection(ProjectConfigurationPlatforms) = postSolution
		{F699681F-8081-4AAE-A967-BFBEB806DBBB}.Debug|Any CPU.ActiveCfg = Debug|Any CPU
		{F699681F-8081-4AAE-A967-BFBEB806DBBB}.Debug|Any CPU.Build.0 = Debug|Any CPU
		{F699681F-8081-4AAE-A967-BFBEB806DBBB}.Release|Any CPU.ActiveCfg = Release|Any CPU
		{F699681F-8081-4AAE-A967-BFBEB806DBBB}.Release|Any CPU.Build.0 = Release|Any CPU
		{3F74D82B-AD86-49FE-92E3-01C778CA437E}.Debug|Any CPU.ActiveCfg = Debug|Any CPU
		{3F74D82B-AD86-49FE-92E3-01C778CA437E}.Debug|Any CPU.Build.0 = Debug|Any CPU
		{3F74D82B-AD86-49FE-92E3-01C778CA437E}.Release|Any CPU.ActiveCfg = Release|Any CPU
		{3F74D82B-AD86-49FE-92E3-01C778CA437E}.Release|Any CPU.Build.0 = Release|Any CPU
	EndGlobalSection
	GlobalSection(SolutionProperties) = preSolution
		HideSolutionNode = FALSE
	EndGlobalSection
	GlobalSection(ExtensibilityGlobals) = postSolution
		SolutionGuid = {7B104788-E880-4473-B402-36AFB166A99B}
	EndGlobalSection
EndGlobal
